
Microsoft Visual Studio Solution File, Format Version 12.00
# Visual Studio 15
VisualStudioVersion = 15.0.27130.2024
MinimumVisualStudioVersion = 10.0.40219.1
Project("{2150E333-8FDC-42A3-9474-1A3956D46DE8}") = "Solution Items", "Solution Items", "{6AC5F24C-EF86-424F-AC3E-79FF0E343684}"
	ProjectSection(SolutionItems) = preProject
		.appveyor.yml = .appveyor.yml
		.gitignore = .gitignore
		Directory.Build.props = Directory.Build.props
		Directory.Build.targets = Directory.Build.targets
		init_solution.bat = init_solution.bat
		LICENSE.md = LICENSE.md
		Nuget.Config = Nuget.Config
		README.md = README.md
		tsconfig.base.json = tsconfig.base.json
	EndProjectSection
EndProject
Project("{2150E333-8FDC-42A3-9474-1A3956D46DE8}") = "lib", "lib", "{542D946C-E4D9-4A6A-99FD-6C1B940A81F1}"
EndProject
Project("{2150E333-8FDC-42A3-9474-1A3956D46DE8}") = "samples", "samples", "{6767CF64-F8E3-450B-AE8E-0255642FD753}"
EndProject
Project("{2150E333-8FDC-42A3-9474-1A3956D46DE8}") = "tests", "tests", "{3DBD52E4-26F8-413F-A954-2BE86E572F3E}"
EndProject
Project("{2150E333-8FDC-42A3-9474-1A3956D46DE8}") = "app", "app", "{28552ECD-9437-4D06-9B4C-96A7FDB069E3}"
EndProject
Project("{2150E333-8FDC-42A3-9474-1A3956D46DE8}") = "build", "build", "{1C185F4C-C7D7-4A2A-9305-506ADA053E12}"
	ProjectSection(SolutionItems) = preProject
		build\OneDas.props = build\OneDas.props
		build\OneDas.targets = build\OneDas.targets
	EndProjectSection
EndProject
Project("{930C7802-8A8C-48F9-8165-68863BCCD9DD}") = "OneDas.Core.Deployment", "src\OneDas.Core.Deployment\OneDas.Core.Deployment.wixproj", "{A30FFE93-A205-48E6-880B-B8DC17E12AF8}"
EndProject
Project("{9A19103F-16F7-4668-BE54-9A1E7A4F7556}") = "EngineSample", "samples\EngineSample\EngineSample.csproj", "{59BA0806-A634-48F4-9514-3B557B15072F}"
EndProject
Project("{9A19103F-16F7-4668-BE54-9A1E7A4F7556}") = "ExtensionSample", "samples\ExtensionSample\ExtensionSample.csproj", "{4FE5CC6A-4BFC-4D4B-8D9A-1F1F55357852}"
EndProject
Project("{930C7802-8A8C-48F9-8165-68863BCCD9DD}") = "OneDas.Hdf.Deployment", "src\OneDas.Hdf.Deployment\OneDas.Hdf.Deployment.wixproj", "{6F96C4C6-F442-4240-9D83-BAFE70D63ED3}"
EndProject
Project("{2150E333-8FDC-42A3-9474-1A3956D46DE8}") = "deploy", "deploy", "{BA787241-6B04-4D3C-A792-7D1DA9682385}"
EndProject
Project("{2150E333-8FDC-42A3-9474-1A3956D46DE8}") = "src", "src", "{D4BFDD2B-4F50-4AF3-8906-6C003E70BA56}"
EndProject
Project("{9A19103F-16F7-4668-BE54-9A1E7A4F7556}") = "DataGatewaySample", "samples\DataGatewaySample\DataGatewaySample.csproj", "{988F7FCD-11C0-4338-B64F-0F4452406333}"
EndProject
Project("{9A19103F-16F7-4668-BE54-9A1E7A4F7556}") = "PackageManagementSample", "samples\PackageManagementSample\PackageManagementSample.csproj", "{562CDD73-5BF2-4FCC-B7A5-CF0C5DB4689B}"
EndProject
Project("{9A19103F-16F7-4668-BE54-9A1E7A4F7556}") = "OneDas.Types", "src\OneDas.Types\OneDas.Types.csproj", "{19EE6C78-A363-4E5A-8FDC-429902739608}"
EndProject
Project("{9A19103F-16F7-4668-BE54-9A1E7A4F7556}") = "OneDas.DataStorage", "src\OneDas.DataStorage\OneDas.DataStorage.csproj", "{626ADC76-CF0A-4722-8D3B-4EFF9E937700}"
EndProject
Project("{9A19103F-16F7-4668-BE54-9A1E7A4F7556}") = "OneDas.Core", "src\OneDas.Core\OneDas.Core.csproj", "{74655BA1-DF54-42E8-8EFF-99A3971D995D}"
EndProject
Project("{9A19103F-16F7-4668-BE54-9A1E7A4F7556}") = "OneDas.Core.WebServer", "src\OneDas.Core.WebServer\OneDas.Core.WebServer.csproj", "{042CF4D0-1CF9-45F1-BE0B-4942C5917E6F}"
EndProject
Project("{9A19103F-16F7-4668-BE54-9A1E7A4F7556}") = "OneDas.Hdf.VdsTool", "src\OneDas.Hdf.VdsTool\OneDas.Hdf.VdsTool.csproj", "{08CA2F3C-70AD-4D54-A34D-1D8EEBF14BE5}"
EndProject
Project("{9A19103F-16F7-4668-BE54-9A1E7A4F7556}") = "OneDas.Hdf.Explorer", "src\OneDas.Hdf.Explorer\OneDas.Hdf.Explorer.csproj", "{EDC879ED-6D2C-4C1C-8A49-2E7F6618CDF1}"
EndProject
Project("{9A19103F-16F7-4668-BE54-9A1E7A4F7556}") = "OneDas.Core.WebClient", "src\OneDas.Core.WebClient\OneDas.Core.WebClient.csproj", "{6E250434-C1AE-4215-B3B9-39C5DA4065F1}"
EndProject
Project("{9A19103F-16F7-4668-BE54-9A1E7A4F7556}") = "OneDas.Extensibility", "src\OneDas.Extensibility\OneDas.Extensibility.csproj", "{371CC31E-36A3-4BCE-804F-E79471869819}"
EndProject
Project("{9A19103F-16F7-4668-BE54-9A1E7A4F7556}") = "OneDas.Hdf.Types", "src\OneDas.Hdf.Types\OneDas.Hdf.Types.csproj", "{3E9346D6-F0C7-48B8-9B10-937E853FFE72}"
EndProject
Project("{9A19103F-16F7-4668-BE54-9A1E7A4F7556}") = "OneDas.Core.Tests", "tests\OneDas.Core.Tests\OneDas.Core.Tests.csproj", "{83AFA14F-3D34-4013-9FEF-FDDD9B363667}"
EndProject
Project("{2150E333-8FDC-42A3-9474-1A3956D46DE8}") = "web", "web", "{DE065826-1140-432D-B36F-F063959D9E70}"
	ProjectSection(SolutionItems) = preProject
		web\package.json = web\package.json
	EndProjectSection
EndProject
Project("{9A19103F-16F7-4668-BE54-9A1E7A4F7556}") = "OneDas.PackageManagement", "src\OneDas.PackageManagement\OneDas.PackageManagement.csproj", "{EB86576C-D566-497E-9EC5-C4287E24A051}"
EndProject
Global
	GlobalSection(SolutionConfigurationPlatforms) = preSolution
		Debug|Any CPU = Debug|Any CPU
		Debug|x64 = Debug|x64
		Debug|x86 = Debug|x86
		Release|Any CPU = Release|Any CPU
		Release|x64 = Release|x64
		Release|x86 = Release|x86
	EndGlobalSection
	GlobalSection(ProjectConfigurationPlatforms) = postSolution
		{A30FFE93-A205-48E6-880B-B8DC17E12AF8}.Debug|Any CPU.ActiveCfg = Debug|x86
		{A30FFE93-A205-48E6-880B-B8DC17E12AF8}.Debug|x64.ActiveCfg = Debug|x86
		{A30FFE93-A205-48E6-880B-B8DC17E12AF8}.Debug|x86.ActiveCfg = Debug|x86
		{A30FFE93-A205-48E6-880B-B8DC17E12AF8}.Debug|x86.Build.0 = Debug|x86
		{A30FFE93-A205-48E6-880B-B8DC17E12AF8}.Release|Any CPU.ActiveCfg = Release|x86
		{A30FFE93-A205-48E6-880B-B8DC17E12AF8}.Release|x64.ActiveCfg = Release|x86
		{A30FFE93-A205-48E6-880B-B8DC17E12AF8}.Release|x86.ActiveCfg = Release|x86
		{A30FFE93-A205-48E6-880B-B8DC17E12AF8}.Release|x86.Build.0 = Release|x86
		{59BA0806-A634-48F4-9514-3B557B15072F}.Debug|Any CPU.ActiveCfg = Debug|Any CPU
		{59BA0806-A634-48F4-9514-3B557B15072F}.Debug|Any CPU.Build.0 = Debug|Any CPU
		{59BA0806-A634-48F4-9514-3B557B15072F}.Debug|x64.ActiveCfg = Debug|Any CPU
		{59BA0806-A634-48F4-9514-3B557B15072F}.Debug|x64.Build.0 = Debug|Any CPU
		{59BA0806-A634-48F4-9514-3B557B15072F}.Debug|x86.ActiveCfg = Debug|Any CPU
		{59BA0806-A634-48F4-9514-3B557B15072F}.Debug|x86.Build.0 = Debug|Any CPU
		{59BA0806-A634-48F4-9514-3B557B15072F}.Release|Any CPU.ActiveCfg = Release|Any CPU
		{59BA0806-A634-48F4-9514-3B557B15072F}.Release|Any CPU.Build.0 = Release|Any CPU
		{59BA0806-A634-48F4-9514-3B557B15072F}.Release|x64.ActiveCfg = Release|Any CPU
		{59BA0806-A634-48F4-9514-3B557B15072F}.Release|x64.Build.0 = Release|Any CPU
		{59BA0806-A634-48F4-9514-3B557B15072F}.Release|x86.ActiveCfg = Release|Any CPU
		{59BA0806-A634-48F4-9514-3B557B15072F}.Release|x86.Build.0 = Release|Any CPU
		{4FE5CC6A-4BFC-4D4B-8D9A-1F1F55357852}.Debug|Any CPU.ActiveCfg = Debug|Any CPU
		{4FE5CC6A-4BFC-4D4B-8D9A-1F1F55357852}.Debug|Any CPU.Build.0 = Debug|Any CPU
		{4FE5CC6A-4BFC-4D4B-8D9A-1F1F55357852}.Debug|x64.ActiveCfg = Debug|Any CPU
		{4FE5CC6A-4BFC-4D4B-8D9A-1F1F55357852}.Debug|x64.Build.0 = Debug|Any CPU
		{4FE5CC6A-4BFC-4D4B-8D9A-1F1F55357852}.Debug|x86.ActiveCfg = Debug|Any CPU
		{4FE5CC6A-4BFC-4D4B-8D9A-1F1F55357852}.Debug|x86.Build.0 = Debug|Any CPU
		{4FE5CC6A-4BFC-4D4B-8D9A-1F1F55357852}.Release|Any CPU.ActiveCfg = Release|Any CPU
		{4FE5CC6A-4BFC-4D4B-8D9A-1F1F55357852}.Release|Any CPU.Build.0 = Release|Any CPU
		{4FE5CC6A-4BFC-4D4B-8D9A-1F1F55357852}.Release|x64.ActiveCfg = Release|Any CPU
		{4FE5CC6A-4BFC-4D4B-8D9A-1F1F55357852}.Release|x64.Build.0 = Release|Any CPU
		{4FE5CC6A-4BFC-4D4B-8D9A-1F1F55357852}.Release|x86.ActiveCfg = Release|Any CPU
		{4FE5CC6A-4BFC-4D4B-8D9A-1F1F55357852}.Release|x86.Build.0 = Release|Any CPU
		{6F96C4C6-F442-4240-9D83-BAFE70D63ED3}.Debug|Any CPU.ActiveCfg = Debug|x86
		{6F96C4C6-F442-4240-9D83-BAFE70D63ED3}.Debug|x64.ActiveCfg = Debug|x86
		{6F96C4C6-F442-4240-9D83-BAFE70D63ED3}.Debug|x86.ActiveCfg = Debug|x86
		{6F96C4C6-F442-4240-9D83-BAFE70D63ED3}.Debug|x86.Build.0 = Debug|x86
		{6F96C4C6-F442-4240-9D83-BAFE70D63ED3}.Release|Any CPU.ActiveCfg = Release|x86
		{6F96C4C6-F442-4240-9D83-BAFE70D63ED3}.Release|x64.ActiveCfg = Release|x86
		{6F96C4C6-F442-4240-9D83-BAFE70D63ED3}.Release|x86.ActiveCfg = Release|x86
		{6F96C4C6-F442-4240-9D83-BAFE70D63ED3}.Release|x86.Build.0 = Release|x86
		{988F7FCD-11C0-4338-B64F-0F4452406333}.Debug|Any CPU.ActiveCfg = Debug|Any CPU
		{988F7FCD-11C0-4338-B64F-0F4452406333}.Debug|Any CPU.Build.0 = Debug|Any CPU
		{988F7FCD-11C0-4338-B64F-0F4452406333}.Debug|x64.ActiveCfg = Debug|Any CPU
		{988F7FCD-11C0-4338-B64F-0F4452406333}.Debug|x64.Build.0 = Debug|Any CPU
		{988F7FCD-11C0-4338-B64F-0F4452406333}.Debug|x86.ActiveCfg = Debug|Any CPU
		{988F7FCD-11C0-4338-B64F-0F4452406333}.Debug|x86.Build.0 = Debug|Any CPU
		{988F7FCD-11C0-4338-B64F-0F4452406333}.Release|Any CPU.ActiveCfg = Release|Any CPU
		{988F7FCD-11C0-4338-B64F-0F4452406333}.Release|Any CPU.Build.0 = Release|Any CPU
		{988F7FCD-11C0-4338-B64F-0F4452406333}.Release|x64.ActiveCfg = Release|Any CPU
		{988F7FCD-11C0-4338-B64F-0F4452406333}.Release|x64.Build.0 = Release|Any CPU
		{988F7FCD-11C0-4338-B64F-0F4452406333}.Release|x86.ActiveCfg = Release|Any CPU
		{988F7FCD-11C0-4338-B64F-0F4452406333}.Release|x86.Build.0 = Release|Any CPU
		{562CDD73-5BF2-4FCC-B7A5-CF0C5DB4689B}.Debug|Any CPU.ActiveCfg = Debug|Any CPU
		{562CDD73-5BF2-4FCC-B7A5-CF0C5DB4689B}.Debug|Any CPU.Build.0 = Debug|Any CPU
		{562CDD73-5BF2-4FCC-B7A5-CF0C5DB4689B}.Debug|x64.ActiveCfg = Debug|Any CPU
		{562CDD73-5BF2-4FCC-B7A5-CF0C5DB4689B}.Debug|x64.Build.0 = Debug|Any CPU
		{562CDD73-5BF2-4FCC-B7A5-CF0C5DB4689B}.Debug|x86.ActiveCfg = Debug|Any CPU
		{562CDD73-5BF2-4FCC-B7A5-CF0C5DB4689B}.Debug|x86.Build.0 = Debug|Any CPU
		{562CDD73-5BF2-4FCC-B7A5-CF0C5DB4689B}.Release|Any CPU.ActiveCfg = Release|Any CPU
		{562CDD73-5BF2-4FCC-B7A5-CF0C5DB4689B}.Release|Any CPU.Build.0 = Release|Any CPU
		{562CDD73-5BF2-4FCC-B7A5-CF0C5DB4689B}.Release|x64.ActiveCfg = Release|Any CPU
		{562CDD73-5BF2-4FCC-B7A5-CF0C5DB4689B}.Release|x64.Build.0 = Release|Any CPU
		{562CDD73-5BF2-4FCC-B7A5-CF0C5DB4689B}.Release|x86.ActiveCfg = Release|Any CPU
		{562CDD73-5BF2-4FCC-B7A5-CF0C5DB4689B}.Release|x86.Build.0 = Release|Any CPU
		{19EE6C78-A363-4E5A-8FDC-429902739608}.Debug|Any CPU.ActiveCfg = Debug|Any CPU
		{19EE6C78-A363-4E5A-8FDC-429902739608}.Debug|Any CPU.Build.0 = Debug|Any CPU
		{19EE6C78-A363-4E5A-8FDC-429902739608}.Debug|x64.ActiveCfg = Debug|Any CPU
		{19EE6C78-A363-4E5A-8FDC-429902739608}.Debug|x64.Build.0 = Debug|Any CPU
		{19EE6C78-A363-4E5A-8FDC-429902739608}.Debug|x86.ActiveCfg = Debug|Any CPU
		{19EE6C78-A363-4E5A-8FDC-429902739608}.Debug|x86.Build.0 = Debug|Any CPU
		{19EE6C78-A363-4E5A-8FDC-429902739608}.Release|Any CPU.ActiveCfg = Release|Any CPU
		{19EE6C78-A363-4E5A-8FDC-429902739608}.Release|Any CPU.Build.0 = Release|Any CPU
		{19EE6C78-A363-4E5A-8FDC-429902739608}.Release|x64.ActiveCfg = Release|Any CPU
		{19EE6C78-A363-4E5A-8FDC-429902739608}.Release|x64.Build.0 = Release|Any CPU
		{19EE6C78-A363-4E5A-8FDC-429902739608}.Release|x86.ActiveCfg = Release|Any CPU
		{19EE6C78-A363-4E5A-8FDC-429902739608}.Release|x86.Build.0 = Release|Any CPU
		{626ADC76-CF0A-4722-8D3B-4EFF9E937700}.Debug|Any CPU.ActiveCfg = Debug|Any CPU
		{626ADC76-CF0A-4722-8D3B-4EFF9E937700}.Debug|Any CPU.Build.0 = Debug|Any CPU
		{626ADC76-CF0A-4722-8D3B-4EFF9E937700}.Debug|x64.ActiveCfg = Debug|Any CPU
		{626ADC76-CF0A-4722-8D3B-4EFF9E937700}.Debug|x64.Build.0 = Debug|Any CPU
		{626ADC76-CF0A-4722-8D3B-4EFF9E937700}.Debug|x86.ActiveCfg = Debug|Any CPU
		{626ADC76-CF0A-4722-8D3B-4EFF9E937700}.Debug|x86.Build.0 = Debug|Any CPU
		{626ADC76-CF0A-4722-8D3B-4EFF9E937700}.Release|Any CPU.ActiveCfg = Release|Any CPU
		{626ADC76-CF0A-4722-8D3B-4EFF9E937700}.Release|Any CPU.Build.0 = Release|Any CPU
		{626ADC76-CF0A-4722-8D3B-4EFF9E937700}.Release|x64.ActiveCfg = Release|Any CPU
		{626ADC76-CF0A-4722-8D3B-4EFF9E937700}.Release|x64.Build.0 = Release|Any CPU
		{626ADC76-CF0A-4722-8D3B-4EFF9E937700}.Release|x86.ActiveCfg = Release|Any CPU
		{626ADC76-CF0A-4722-8D3B-4EFF9E937700}.Release|x86.Build.0 = Release|Any CPU
		{74655BA1-DF54-42E8-8EFF-99A3971D995D}.Debug|Any CPU.ActiveCfg = Debug|Any CPU
		{74655BA1-DF54-42E8-8EFF-99A3971D995D}.Debug|Any CPU.Build.0 = Debug|Any CPU
		{74655BA1-DF54-42E8-8EFF-99A3971D995D}.Debug|x64.ActiveCfg = Debug|Any CPU
		{74655BA1-DF54-42E8-8EFF-99A3971D995D}.Debug|x64.Build.0 = Debug|Any CPU
		{74655BA1-DF54-42E8-8EFF-99A3971D995D}.Debug|x86.ActiveCfg = Debug|Any CPU
		{74655BA1-DF54-42E8-8EFF-99A3971D995D}.Debug|x86.Build.0 = Debug|Any CPU
		{74655BA1-DF54-42E8-8EFF-99A3971D995D}.Release|Any CPU.ActiveCfg = Release|Any CPU
		{74655BA1-DF54-42E8-8EFF-99A3971D995D}.Release|Any CPU.Build.0 = Release|Any CPU
		{74655BA1-DF54-42E8-8EFF-99A3971D995D}.Release|x64.ActiveCfg = Release|Any CPU
		{74655BA1-DF54-42E8-8EFF-99A3971D995D}.Release|x64.Build.0 = Release|Any CPU
		{74655BA1-DF54-42E8-8EFF-99A3971D995D}.Release|x86.ActiveCfg = Release|Any CPU
		{74655BA1-DF54-42E8-8EFF-99A3971D995D}.Release|x86.Build.0 = Release|Any CPU
		{042CF4D0-1CF9-45F1-BE0B-4942C5917E6F}.Debug|Any CPU.ActiveCfg = Debug|Any CPU
		{042CF4D0-1CF9-45F1-BE0B-4942C5917E6F}.Debug|Any CPU.Build.0 = Debug|Any CPU
		{042CF4D0-1CF9-45F1-BE0B-4942C5917E6F}.Debug|x64.ActiveCfg = Debug|Any CPU
		{042CF4D0-1CF9-45F1-BE0B-4942C5917E6F}.Debug|x64.Build.0 = Debug|Any CPU
		{042CF4D0-1CF9-45F1-BE0B-4942C5917E6F}.Debug|x86.ActiveCfg = Debug|Any CPU
		{042CF4D0-1CF9-45F1-BE0B-4942C5917E6F}.Debug|x86.Build.0 = Debug|Any CPU
		{042CF4D0-1CF9-45F1-BE0B-4942C5917E6F}.Release|Any CPU.ActiveCfg = Release|Any CPU
		{042CF4D0-1CF9-45F1-BE0B-4942C5917E6F}.Release|Any CPU.Build.0 = Release|Any CPU
		{042CF4D0-1CF9-45F1-BE0B-4942C5917E6F}.Release|x64.ActiveCfg = Release|Any CPU
		{042CF4D0-1CF9-45F1-BE0B-4942C5917E6F}.Release|x64.Build.0 = Release|Any CPU
		{042CF4D0-1CF9-45F1-BE0B-4942C5917E6F}.Release|x86.ActiveCfg = Release|Any CPU
		{042CF4D0-1CF9-45F1-BE0B-4942C5917E6F}.Release|x86.Build.0 = Release|Any CPU
		{08CA2F3C-70AD-4D54-A34D-1D8EEBF14BE5}.Debug|Any CPU.ActiveCfg = Debug|Any CPU
		{08CA2F3C-70AD-4D54-A34D-1D8EEBF14BE5}.Debug|Any CPU.Build.0 = Debug|Any CPU
		{08CA2F3C-70AD-4D54-A34D-1D8EEBF14BE5}.Debug|x64.ActiveCfg = Debug|Any CPU
		{08CA2F3C-70AD-4D54-A34D-1D8EEBF14BE5}.Debug|x64.Build.0 = Debug|Any CPU
		{08CA2F3C-70AD-4D54-A34D-1D8EEBF14BE5}.Debug|x86.ActiveCfg = Debug|Any CPU
		{08CA2F3C-70AD-4D54-A34D-1D8EEBF14BE5}.Debug|x86.Build.0 = Debug|Any CPU
		{08CA2F3C-70AD-4D54-A34D-1D8EEBF14BE5}.Release|Any CPU.ActiveCfg = Release|Any CPU
		{08CA2F3C-70AD-4D54-A34D-1D8EEBF14BE5}.Release|Any CPU.Build.0 = Release|Any CPU
		{08CA2F3C-70AD-4D54-A34D-1D8EEBF14BE5}.Release|x64.ActiveCfg = Release|Any CPU
		{08CA2F3C-70AD-4D54-A34D-1D8EEBF14BE5}.Release|x64.Build.0 = Release|Any CPU
		{08CA2F3C-70AD-4D54-A34D-1D8EEBF14BE5}.Release|x86.ActiveCfg = Release|Any CPU
		{08CA2F3C-70AD-4D54-A34D-1D8EEBF14BE5}.Release|x86.Build.0 = Release|Any CPU
		{EDC879ED-6D2C-4C1C-8A49-2E7F6618CDF1}.Debug|Any CPU.ActiveCfg = Debug|Any CPU
		{EDC879ED-6D2C-4C1C-8A49-2E7F6618CDF1}.Debug|Any CPU.Build.0 = Debug|Any CPU
		{EDC879ED-6D2C-4C1C-8A49-2E7F6618CDF1}.Debug|x64.ActiveCfg = Debug|Any CPU
		{EDC879ED-6D2C-4C1C-8A49-2E7F6618CDF1}.Debug|x64.Build.0 = Debug|Any CPU
		{EDC879ED-6D2C-4C1C-8A49-2E7F6618CDF1}.Debug|x86.ActiveCfg = Debug|Any CPU
		{EDC879ED-6D2C-4C1C-8A49-2E7F6618CDF1}.Debug|x86.Build.0 = Debug|Any CPU
		{EDC879ED-6D2C-4C1C-8A49-2E7F6618CDF1}.Release|Any CPU.ActiveCfg = Release|Any CPU
		{EDC879ED-6D2C-4C1C-8A49-2E7F6618CDF1}.Release|Any CPU.Build.0 = Release|Any CPU
		{EDC879ED-6D2C-4C1C-8A49-2E7F6618CDF1}.Release|x64.ActiveCfg = Release|Any CPU
		{EDC879ED-6D2C-4C1C-8A49-2E7F6618CDF1}.Release|x64.Build.0 = Release|Any CPU
		{EDC879ED-6D2C-4C1C-8A49-2E7F6618CDF1}.Release|x86.ActiveCfg = Release|Any CPU
		{EDC879ED-6D2C-4C1C-8A49-2E7F6618CDF1}.Release|x86.Build.0 = Release|Any CPU
		{6E250434-C1AE-4215-B3B9-39C5DA4065F1}.Debug|Any CPU.ActiveCfg = Debug|Any CPU
		{6E250434-C1AE-4215-B3B9-39C5DA4065F1}.Debug|Any CPU.Build.0 = Debug|Any CPU
		{6E250434-C1AE-4215-B3B9-39C5DA4065F1}.Debug|x64.ActiveCfg = Debug|Any CPU
		{6E250434-C1AE-4215-B3B9-39C5DA4065F1}.Debug|x64.Build.0 = Debug|Any CPU
		{6E250434-C1AE-4215-B3B9-39C5DA4065F1}.Debug|x86.ActiveCfg = Debug|Any CPU
		{6E250434-C1AE-4215-B3B9-39C5DA4065F1}.Debug|x86.Build.0 = Debug|Any CPU
		{6E250434-C1AE-4215-B3B9-39C5DA4065F1}.Release|Any CPU.ActiveCfg = Release|Any CPU
		{6E250434-C1AE-4215-B3B9-39C5DA4065F1}.Release|Any CPU.Build.0 = Release|Any CPU
		{6E250434-C1AE-4215-B3B9-39C5DA4065F1}.Release|x64.ActiveCfg = Release|Any CPU
		{6E250434-C1AE-4215-B3B9-39C5DA4065F1}.Release|x64.Build.0 = Release|Any CPU
		{6E250434-C1AE-4215-B3B9-39C5DA4065F1}.Release|x86.ActiveCfg = Release|Any CPU
		{6E250434-C1AE-4215-B3B9-39C5DA4065F1}.Release|x86.Build.0 = Release|Any CPU
		{371CC31E-36A3-4BCE-804F-E79471869819}.Debug|Any CPU.ActiveCfg = Debug|Any CPU
		{371CC31E-36A3-4BCE-804F-E79471869819}.Debug|Any CPU.Build.0 = Debug|Any CPU
		{371CC31E-36A3-4BCE-804F-E79471869819}.Debug|x64.ActiveCfg = Debug|Any CPU
		{371CC31E-36A3-4BCE-804F-E79471869819}.Debug|x64.Build.0 = Debug|Any CPU
		{371CC31E-36A3-4BCE-804F-E79471869819}.Debug|x86.ActiveCfg = Debug|Any CPU
		{371CC31E-36A3-4BCE-804F-E79471869819}.Debug|x86.Build.0 = Debug|Any CPU
		{371CC31E-36A3-4BCE-804F-E79471869819}.Release|Any CPU.ActiveCfg = Release|Any CPU
		{371CC31E-36A3-4BCE-804F-E79471869819}.Release|Any CPU.Build.0 = Release|Any CPU
		{371CC31E-36A3-4BCE-804F-E79471869819}.Release|x64.ActiveCfg = Release|Any CPU
		{371CC31E-36A3-4BCE-804F-E79471869819}.Release|x64.Build.0 = Release|Any CPU
		{371CC31E-36A3-4BCE-804F-E79471869819}.Release|x86.ActiveCfg = Release|Any CPU
		{371CC31E-36A3-4BCE-804F-E79471869819}.Release|x86.Build.0 = Release|Any CPU
		{3E9346D6-F0C7-48B8-9B10-937E853FFE72}.Debug|Any CPU.ActiveCfg = Debug|Any CPU
		{3E9346D6-F0C7-48B8-9B10-937E853FFE72}.Debug|Any CPU.Build.0 = Debug|Any CPU
		{3E9346D6-F0C7-48B8-9B10-937E853FFE72}.Debug|x64.ActiveCfg = Debug|Any CPU
		{3E9346D6-F0C7-48B8-9B10-937E853FFE72}.Debug|x64.Build.0 = Debug|Any CPU
		{3E9346D6-F0C7-48B8-9B10-937E853FFE72}.Debug|x86.ActiveCfg = Debug|Any CPU
		{3E9346D6-F0C7-48B8-9B10-937E853FFE72}.Debug|x86.Build.0 = Debug|Any CPU
		{3E9346D6-F0C7-48B8-9B10-937E853FFE72}.Release|Any CPU.ActiveCfg = Release|Any CPU
		{3E9346D6-F0C7-48B8-9B10-937E853FFE72}.Release|Any CPU.Build.0 = Release|Any CPU
		{3E9346D6-F0C7-48B8-9B10-937E853FFE72}.Release|x64.ActiveCfg = Release|Any CPU
		{3E9346D6-F0C7-48B8-9B10-937E853FFE72}.Release|x64.Build.0 = Release|Any CPU
		{3E9346D6-F0C7-48B8-9B10-937E853FFE72}.Release|x86.ActiveCfg = Release|Any CPU
		{3E9346D6-F0C7-48B8-9B10-937E853FFE72}.Release|x86.Build.0 = Release|Any CPU
		{83AFA14F-3D34-4013-9FEF-FDDD9B363667}.Debug|Any CPU.ActiveCfg = Debug|Any CPU
		{83AFA14F-3D34-4013-9FEF-FDDD9B363667}.Debug|Any CPU.Build.0 = Debug|Any CPU
		{83AFA14F-3D34-4013-9FEF-FDDD9B363667}.Debug|x64.ActiveCfg = Debug|Any CPU
		{83AFA14F-3D34-4013-9FEF-FDDD9B363667}.Debug|x64.Build.0 = Debug|Any CPU
		{83AFA14F-3D34-4013-9FEF-FDDD9B363667}.Debug|x86.ActiveCfg = Debug|Any CPU
		{83AFA14F-3D34-4013-9FEF-FDDD9B363667}.Debug|x86.Build.0 = Debug|Any CPU
		{83AFA14F-3D34-4013-9FEF-FDDD9B363667}.Release|Any CPU.ActiveCfg = Release|Any CPU
		{83AFA14F-3D34-4013-9FEF-FDDD9B363667}.Release|Any CPU.Build.0 = Release|Any CPU
		{83AFA14F-3D34-4013-9FEF-FDDD9B363667}.Release|x64.ActiveCfg = Release|Any CPU
		{83AFA14F-3D34-4013-9FEF-FDDD9B363667}.Release|x64.Build.0 = Release|Any CPU
		{83AFA14F-3D34-4013-9FEF-FDDD9B363667}.Release|x86.ActiveCfg = Release|Any CPU
		{83AFA14F-3D34-4013-9FEF-FDDD9B363667}.Release|x86.Build.0 = Release|Any CPU
		{EB86576C-D566-497E-9EC5-C4287E24A051}.Debug|Any CPU.ActiveCfg = Debug|Any CPU
		{EB86576C-D566-497E-9EC5-C4287E24A051}.Debug|Any CPU.Build.0 = Debug|Any CPU
		{EB86576C-D566-497E-9EC5-C4287E24A051}.Debug|x64.ActiveCfg = Debug|Any CPU
		{EB86576C-D566-497E-9EC5-C4287E24A051}.Debug|x64.Build.0 = Debug|Any CPU
		{EB86576C-D566-497E-9EC5-C4287E24A051}.Debug|x86.ActiveCfg = Debug|Any CPU
		{EB86576C-D566-497E-9EC5-C4287E24A051}.Debug|x86.Build.0 = Debug|Any CPU
		{EB86576C-D566-497E-9EC5-C4287E24A051}.Release|Any CPU.ActiveCfg = Release|Any CPU
		{EB86576C-D566-497E-9EC5-C4287E24A051}.Release|Any CPU.Build.0 = Release|Any CPU
		{EB86576C-D566-497E-9EC5-C4287E24A051}.Release|x64.ActiveCfg = Release|Any CPU
		{EB86576C-D566-497E-9EC5-C4287E24A051}.Release|x64.Build.0 = Release|Any CPU
		{EB86576C-D566-497E-9EC5-C4287E24A051}.Release|x86.ActiveCfg = Release|Any CPU
		{EB86576C-D566-497E-9EC5-C4287E24A051}.Release|x86.Build.0 = Release|Any CPU
	EndGlobalSection
	GlobalSection(SolutionProperties) = preSolution
		HideSolutionNode = FALSE
	EndGlobalSection
	GlobalSection(NestedProjects) = preSolution
		{542D946C-E4D9-4A6A-99FD-6C1B940A81F1} = {D4BFDD2B-4F50-4AF3-8906-6C003E70BA56}
		{28552ECD-9437-4D06-9B4C-96A7FDB069E3} = {D4BFDD2B-4F50-4AF3-8906-6C003E70BA56}
		{A30FFE93-A205-48E6-880B-B8DC17E12AF8} = {BA787241-6B04-4D3C-A792-7D1DA9682385}
		{59BA0806-A634-48F4-9514-3B557B15072F} = {6767CF64-F8E3-450B-AE8E-0255642FD753}
		{4FE5CC6A-4BFC-4D4B-8D9A-1F1F55357852} = {6767CF64-F8E3-450B-AE8E-0255642FD753}
		{6F96C4C6-F442-4240-9D83-BAFE70D63ED3} = {BA787241-6B04-4D3C-A792-7D1DA9682385}
		{BA787241-6B04-4D3C-A792-7D1DA9682385} = {D4BFDD2B-4F50-4AF3-8906-6C003E70BA56}
		{988F7FCD-11C0-4338-B64F-0F4452406333} = {6767CF64-F8E3-450B-AE8E-0255642FD753}
		{562CDD73-5BF2-4FCC-B7A5-CF0C5DB4689B} = {6767CF64-F8E3-450B-AE8E-0255642FD753}
		{19EE6C78-A363-4E5A-8FDC-429902739608} = {542D946C-E4D9-4A6A-99FD-6C1B940A81F1}
		{626ADC76-CF0A-4722-8D3B-4EFF9E937700} = {542D946C-E4D9-4A6A-99FD-6C1B940A81F1}
		{74655BA1-DF54-42E8-8EFF-99A3971D995D} = {542D946C-E4D9-4A6A-99FD-6C1B940A81F1}
		{042CF4D0-1CF9-45F1-BE0B-4942C5917E6F} = {28552ECD-9437-4D06-9B4C-96A7FDB069E3}
		{08CA2F3C-70AD-4D54-A34D-1D8EEBF14BE5} = {28552ECD-9437-4D06-9B4C-96A7FDB069E3}
		{EDC879ED-6D2C-4C1C-8A49-2E7F6618CDF1} = {28552ECD-9437-4D06-9B4C-96A7FDB069E3}
		{6E250434-C1AE-4215-B3B9-39C5DA4065F1} = {28552ECD-9437-4D06-9B4C-96A7FDB069E3}
		{371CC31E-36A3-4BCE-804F-E79471869819} = {542D946C-E4D9-4A6A-99FD-6C1B940A81F1}
		{3E9346D6-F0C7-48B8-9B10-937E853FFE72} = {542D946C-E4D9-4A6A-99FD-6C1B940A81F1}
		{83AFA14F-3D34-4013-9FEF-FDDD9B363667} = {3DBD52E4-26F8-413F-A954-2BE86E572F3E}
		{EB86576C-D566-497E-9EC5-C4287E24A051} = {542D946C-E4D9-4A6A-99FD-6C1B940A81F1}
	EndGlobalSection
	GlobalSection(ExtensibilityGlobals) = postSolution
		SolutionGuid = {F998BD6D-3E2B-4AA0-A7A4-FD84100C45A4}
	EndGlobalSection
EndGlobal
