
Microsoft Visual Studio Solution File, Format Version 12.00
# Visual Studio Version 16
VisualStudioVersion = 16.0.29318.209
MinimumVisualStudioVersion = 10.0.40219.1
Project("{2150E333-8FDC-42A3-9474-1A3956D46DE8}") = "Solution Items", "Solution Items", "{6AC5F24C-EF86-424F-AC3E-79FF0E343684}"
	ProjectSection(SolutionItems) = preProject
		.appveyor.yml = .appveyor.yml
		.editorconfig = .editorconfig
		.gitignore = .gitignore
		Directory.Build.props = Directory.Build.props
		Directory.Build.targets = Directory.Build.targets
		Dockerfile = Dockerfile
		init_solution.ps1 = init_solution.ps1
		LICENSE.md = LICENSE.md
		Nuget.Config = Nuget.Config
		README.md = README.md
		tsconfig.base.json = tsconfig.base.json
	EndProjectSection
EndProject
Project("{2150E333-8FDC-42A3-9474-1A3956D46DE8}") = "lib", "lib", "{542D946C-E4D9-4A6A-99FD-6C1B940A81F1}"
EndProject
Project("{2150E333-8FDC-42A3-9474-1A3956D46DE8}") = "samples", "samples", "{6767CF64-F8E3-450B-AE8E-0255642FD753}"
EndProject
Project("{2150E333-8FDC-42A3-9474-1A3956D46DE8}") = "tests", "tests", "{3DBD52E4-26F8-413F-A954-2BE86E572F3E}"
EndProject
Project("{2150E333-8FDC-42A3-9474-1A3956D46DE8}") = "app", "app", "{28552ECD-9437-4D06-9B4C-96A7FDB069E3}"
EndProject
Project("{2150E333-8FDC-42A3-9474-1A3956D46DE8}") = "build", "build", "{1C185F4C-C7D7-4A2A-9305-506ADA053E12}"
	ProjectSection(SolutionItems) = preProject
		build\OneDas.props = build\OneDas.props
		build\OneDas.targets = build\OneDas.targets
	EndProjectSection
EndProject
Project("{930C7802-8A8C-48F9-8165-68863BCCD9DD}") = "OneDas.Core.Deployment", "src\OneDas.Core.Deployment\OneDas.Core.Deployment.wixproj", "{A30FFE93-A205-48E6-880B-B8DC17E12AF8}"
EndProject
Project("{9A19103F-16F7-4668-BE54-9A1E7A4F7556}") = "EngineSample", "samples\EngineSample\EngineSample.csproj", "{59BA0806-A634-48F4-9514-3B557B15072F}"
EndProject
Project("{9A19103F-16F7-4668-BE54-9A1E7A4F7556}") = "ExtensionSample", "samples\ExtensionSample\ExtensionSample.csproj", "{4FE5CC6A-4BFC-4D4B-8D9A-1F1F55357852}"
EndProject
Project("{930C7802-8A8C-48F9-8165-68863BCCD9DD}") = "OneDas.DataManagement.Deployment", "src\OneDas.DataManagement.Deployment\OneDas.DataManagement.Deployment.wixproj", "{6F96C4C6-F442-4240-9D83-BAFE70D63ED3}"
EndProject
Project("{2150E333-8FDC-42A3-9474-1A3956D46DE8}") = "deploy", "deploy", "{BA787241-6B04-4D3C-A792-7D1DA9682385}"
EndProject
Project("{2150E333-8FDC-42A3-9474-1A3956D46DE8}") = "src", "src", "{D4BFDD2B-4F50-4AF3-8906-6C003E70BA56}"
EndProject
Project("{9A19103F-16F7-4668-BE54-9A1E7A4F7556}") = "DataGatewaySample", "samples\DataGatewaySample\DataGatewaySample.csproj", "{988F7FCD-11C0-4338-B64F-0F4452406333}"
EndProject
Project("{9A19103F-16F7-4668-BE54-9A1E7A4F7556}") = "PackageManagementSample", "samples\PackageManagementSample\PackageManagementSample.csproj", "{562CDD73-5BF2-4FCC-B7A5-CF0C5DB4689B}"
EndProject
Project("{9A19103F-16F7-4668-BE54-9A1E7A4F7556}") = "OneDas.Types", "src\OneDas.Types\OneDas.Types.csproj", "{19EE6C78-A363-4E5A-8FDC-429802739608}"
EndProject
Project("{9A19103F-16F7-4668-BE54-9A1E7A4F7556}") = "OneDas.Core", "src\OneDas.Core\OneDas.Core.csproj", "{74655BA1-DF54-42E8-8EFF-99A3971D995D}"
EndProject
Project("{9A19103F-16F7-4668-BE54-9A1E7A4F7556}") = "OneDas.Core.WebServer", "src\OneDas.Core.WebServer\OneDas.Core.WebServer.csproj", "{042CF4D0-1CF9-45F1-BE0B-4942C5917E6F}"
EndProject
Project("{9A19103F-16F7-4668-BE54-9A1E7A4F7556}") = "OneDas.Core.WebClient", "src\OneDas.Core.WebClient\OneDas.Core.WebClient.csproj", "{6E250434-C1AE-4215-B3B9-39C5DA4065F1}"
EndProject
Project("{9A19103F-16F7-4668-BE54-9A1E7A4F7556}") = "OneDas.Core.Tests", "tests\OneDas.Core.Tests\OneDas.Core.Tests.csproj", "{83AFA14F-3D34-4013-9FEF-FDDD9B363667}"
EndProject
Project("{2150E333-8FDC-42A3-9474-1A3956D46DE8}") = "web", "web", "{DE065826-1140-432D-B36F-F063959D9E70}"
	ProjectSection(SolutionItems) = preProject
		web\package.json = web\package.json
	EndProjectSection
EndProject
Project("{9A19103F-16F7-4668-BE54-9A1E7A4F7556}") = "OneDas.PackageManagement", "src\OneDas.PackageManagement\OneDas.PackageManagement.csproj", "{EB86576C-D566-497E-9EC5-C4287E24A051}"
EndProject
Project("{2150E333-8FDC-42A3-9474-1A3956D46DE8}") = "build", "build", "{BD1A5739-27BA-4E2A-AA9A-95C577703EEE}"
EndProject
Project("{2150E333-8FDC-42A3-9474-1A3956D46DE8}") = "extension", "extension", "{41AE8F8D-B51B-494B-8573-E7E9EF642BB0}"
EndProject
Project("{9A19103F-16F7-4668-BE54-9A1E7A4F7556}") = "OneDas.Extension.Csv", "extensions\OneDas.Extension.Csv\OneDas.Extension.Csv.csproj", "{FD0DE717-A470-43BF-BAC4-D4ADFDE6D574}"
EndProject
Project("{9A19103F-16F7-4668-BE54-9A1E7A4F7556}") = "OneDas.Extension.Famos", "extensions\OneDas.Extension.Famos\OneDas.Extension.Famos.csproj", "{E46FE0AF-8468-4018-98B5-B9C74A1B1FBD}"
EndProject
Project("{9A19103F-16F7-4668-BE54-9A1E7A4F7556}") = "OneDas.Extension.Ethercat", "extensions\OneDas.Extension.Ethercat\OneDas.Extension.Ethercat.csproj", "{2C249DF7-788C-4FA6-8851-D1D71889E2D2}"
EndProject
Project("{9A19103F-16F7-4668-BE54-9A1E7A4F7556}") = "OneDas.Extension.Hdf", "extensions\OneDas.Extension.Hdf\OneDas.Extension.Hdf.csproj", "{372D5A45-2618-4FE1-AAEA-B5662617D8D6}"
EndProject
Project("{9A19103F-16F7-4668-BE54-9A1E7A4F7556}") = "OneDas.Extension.Mat73", "extensions\OneDas.Extension.Mat73\OneDas.Extension.Mat73.csproj", "{83E4962F-39C7-4007-A40D-BAB6D74D6240}"
EndProject
Project("{9A19103F-16F7-4668-BE54-9A1E7A4F7556}") = "OneDas.Extension.Modbus", "extensions\OneDas.Extension.Modbus\OneDas.Extension.Modbus.csproj", "{95779735-C6A9-4CA5-9602-E78DFE9BAA94}"
EndProject
Project("{9A19103F-16F7-4668-BE54-9A1E7A4F7556}") = "OneDas.Extension.OpcUa", "extensions\OneDas.Extension.OpcUa\OneDas.Extension.OpcUa.csproj", "{560E4456-B40F-4859-924B-26369F060464}"
EndProject
Project("{9A19103F-16F7-4668-BE54-9A1E7A4F7556}") = "OneDas.Extension.RaspberryPi", "extensions\OneDas.Extension.RaspberryPi\OneDas.Extension.RaspberryPi.csproj", "{161E3238-CAAD-4445-8274-A02D900DF402}"
EndProject
Project("{9A19103F-16F7-4668-BE54-9A1E7A4F7556}") = "OneDas.Extension.Udp", "extensions\OneDas.Extension.Udp\OneDas.Extension.Udp.csproj", "{919CEDF6-1B26-4980-9265-3DC904D26656}"
EndProject
Project("{9A19103F-16F7-4668-BE54-9A1E7A4F7556}") = "OneDas.Extension.Can", "extensions\OneDas.Extension.Can\OneDas.Extension.Can.csproj", "{0F9D4D5C-FF5C-4005-B6BC-46D930CBEB4B}"
EndProject
Project("{9A19103F-16F7-4668-BE54-9A1E7A4F7556}") = "OneDas.DataManagement.Types", "src\OneDas.DataManagement.Types\OneDas.DataManagement.Types.csproj", "{7F63F0AA-5146-4A61-BB22-AAB76FAB1D4B}"
EndProject
Project("{9A19103F-16F7-4668-BE54-9A1E7A4F7556}") = "OneDas.DataManagement.Explorer", "src\OneDas.DataManagement.Explorer\OneDas.DataManagement.Explorer.csproj", "{1042FC81-FE35-402F-98A5-944032B9134E}"
EndProject
Project("{9A19103F-16F7-4668-BE54-9A1E7A4F7556}") = "OneDas.DataManagement.Explorer.Tests", "tests\OneDas.DataManagement.Explorer.Tests\OneDas.DataManagement.Explorer.Tests.csproj", "{5A71402E-1517-498D-82C0-755B5BAB70C0}"
EndProject
Global
	GlobalSection(SolutionConfigurationPlatforms) = preSolution
		Debug|Any CPU = Debug|Any CPU
		Debug|x64 = Debug|x64
		Debug|x86 = Debug|x86
		Release|Any CPU = Release|Any CPU
		Release|x64 = Release|x64
		Release|x86 = Release|x86
	EndGlobalSection
	GlobalSection(ProjectConfigurationPlatforms) = postSolution
		{A30FFE93-A205-48E6-880B-B8DC17E12AF8}.Debug|Any CPU.ActiveCfg = Debug|x86
		{A30FFE93-A205-48E6-880B-B8DC17E12AF8}.Debug|x64.ActiveCfg = Debug|x86
		{A30FFE93-A205-48E6-880B-B8DC17E12AF8}.Debug|x86.ActiveCfg = Debug|x86
		{A30FFE93-A205-48E6-880B-B8DC17E12AF8}.Debug|x86.Build.0 = Debug|x86
		{A30FFE93-A205-48E6-880B-B8DC17E12AF8}.Release|Any CPU.ActiveCfg = Release|x86
		{A30FFE93-A205-48E6-880B-B8DC17E12AF8}.Release|x64.ActiveCfg = Release|x86
		{A30FFE93-A205-48E6-880B-B8DC17E12AF8}.Release|x86.ActiveCfg = Release|x86
		{A30FFE93-A205-48E6-880B-B8DC17E12AF8}.Release|x86.Build.0 = Release|x86
		{59BA0806-A634-48F4-9514-3B557B15072F}.Debug|Any CPU.ActiveCfg = Debug|Any CPU
		{59BA0806-A634-48F4-9514-3B557B15072F}.Debug|Any CPU.Build.0 = Debug|Any CPU
		{59BA0806-A634-48F4-9514-3B557B15072F}.Debug|x64.ActiveCfg = Debug|Any CPU
		{59BA0806-A634-48F4-9514-3B557B15072F}.Debug|x64.Build.0 = Debug|Any CPU
		{59BA0806-A634-48F4-9514-3B557B15072F}.Debug|x86.ActiveCfg = Debug|Any CPU
		{59BA0806-A634-48F4-9514-3B557B15072F}.Debug|x86.Build.0 = Debug|Any CPU
		{59BA0806-A634-48F4-9514-3B557B15072F}.Release|Any CPU.ActiveCfg = Release|Any CPU
		{59BA0806-A634-48F4-9514-3B557B15072F}.Release|Any CPU.Build.0 = Release|Any CPU
		{59BA0806-A634-48F4-9514-3B557B15072F}.Release|x64.ActiveCfg = Release|Any CPU
		{59BA0806-A634-48F4-9514-3B557B15072F}.Release|x64.Build.0 = Release|Any CPU
		{59BA0806-A634-48F4-9514-3B557B15072F}.Release|x86.ActiveCfg = Release|Any CPU
		{59BA0806-A634-48F4-9514-3B557B15072F}.Release|x86.Build.0 = Release|Any CPU
		{4FE5CC6A-4BFC-4D4B-8D9A-1F1F55357852}.Debug|Any CPU.ActiveCfg = Debug|Any CPU
		{4FE5CC6A-4BFC-4D4B-8D9A-1F1F55357852}.Debug|Any CPU.Build.0 = Debug|Any CPU
		{4FE5CC6A-4BFC-4D4B-8D9A-1F1F55357852}.Debug|x64.ActiveCfg = Debug|Any CPU
		{4FE5CC6A-4BFC-4D4B-8D9A-1F1F55357852}.Debug|x64.Build.0 = Debug|Any CPU
		{4FE5CC6A-4BFC-4D4B-8D9A-1F1F55357852}.Debug|x86.ActiveCfg = Debug|Any CPU
		{4FE5CC6A-4BFC-4D4B-8D9A-1F1F55357852}.Debug|x86.Build.0 = Debug|Any CPU
		{4FE5CC6A-4BFC-4D4B-8D9A-1F1F55357852}.Release|Any CPU.ActiveCfg = Release|Any CPU
		{4FE5CC6A-4BFC-4D4B-8D9A-1F1F55357852}.Release|Any CPU.Build.0 = Release|Any CPU
		{4FE5CC6A-4BFC-4D4B-8D9A-1F1F55357852}.Release|x64.ActiveCfg = Release|Any CPU
		{4FE5CC6A-4BFC-4D4B-8D9A-1F1F55357852}.Release|x64.Build.0 = Release|Any CPU
		{4FE5CC6A-4BFC-4D4B-8D9A-1F1F55357852}.Release|x86.ActiveCfg = Release|Any CPU
		{4FE5CC6A-4BFC-4D4B-8D9A-1F1F55357852}.Release|x86.Build.0 = Release|Any CPU
		{6F96C4C6-F442-4240-9D83-BAFE70D63ED3}.Debug|Any CPU.ActiveCfg = Debug|x86
		{6F96C4C6-F442-4240-9D83-BAFE70D63ED3}.Debug|x64.ActiveCfg = Debug|x86
		{6F96C4C6-F442-4240-9D83-BAFE70D63ED3}.Debug|x86.ActiveCfg = Debug|x86
		{6F96C4C6-F442-4240-9D83-BAFE70D63ED3}.Debug|x86.Build.0 = Debug|x86
		{6F96C4C6-F442-4240-9D83-BAFE70D63ED3}.Release|Any CPU.ActiveCfg = Release|x86
		{6F96C4C6-F442-4240-9D83-BAFE70D63ED3}.Release|x64.ActiveCfg = Release|x86
		{6F96C4C6-F442-4240-9D83-BAFE70D63ED3}.Release|x86.ActiveCfg = Release|x86
		{6F96C4C6-F442-4240-9D83-BAFE70D63ED3}.Release|x86.Build.0 = Release|x86
		{988F7FCD-11C0-4338-B64F-0F4452406333}.Debug|Any CPU.ActiveCfg = Debug|Any CPU
		{988F7FCD-11C0-4338-B64F-0F4452406333}.Debug|Any CPU.Build.0 = Debug|Any CPU
		{988F7FCD-11C0-4338-B64F-0F4452406333}.Debug|x64.ActiveCfg = Debug|Any CPU
		{988F7FCD-11C0-4338-B64F-0F4452406333}.Debug|x64.Build.0 = Debug|Any CPU
		{988F7FCD-11C0-4338-B64F-0F4452406333}.Debug|x86.ActiveCfg = Debug|Any CPU
		{988F7FCD-11C0-4338-B64F-0F4452406333}.Debug|x86.Build.0 = Debug|Any CPU
		{988F7FCD-11C0-4338-B64F-0F4452406333}.Release|Any CPU.ActiveCfg = Release|Any CPU
		{988F7FCD-11C0-4338-B64F-0F4452406333}.Release|Any CPU.Build.0 = Release|Any CPU
		{988F7FCD-11C0-4338-B64F-0F4452406333}.Release|x64.ActiveCfg = Release|Any CPU
		{988F7FCD-11C0-4338-B64F-0F4452406333}.Release|x64.Build.0 = Release|Any CPU
		{988F7FCD-11C0-4338-B64F-0F4452406333}.Release|x86.ActiveCfg = Release|Any CPU
		{988F7FCD-11C0-4338-B64F-0F4452406333}.Release|x86.Build.0 = Release|Any CPU
		{562CDD73-5BF2-4FCC-B7A5-CF0C5DB4689B}.Debug|Any CPU.ActiveCfg = Debug|Any CPU
		{562CDD73-5BF2-4FCC-B7A5-CF0C5DB4689B}.Debug|Any CPU.Build.0 = Debug|Any CPU
		{562CDD73-5BF2-4FCC-B7A5-CF0C5DB4689B}.Debug|x64.ActiveCfg = Debug|Any CPU
		{562CDD73-5BF2-4FCC-B7A5-CF0C5DB4689B}.Debug|x64.Build.0 = Debug|Any CPU
		{562CDD73-5BF2-4FCC-B7A5-CF0C5DB4689B}.Debug|x86.ActiveCfg = Debug|Any CPU
		{562CDD73-5BF2-4FCC-B7A5-CF0C5DB4689B}.Debug|x86.Build.0 = Debug|Any CPU
		{562CDD73-5BF2-4FCC-B7A5-CF0C5DB4689B}.Release|Any CPU.ActiveCfg = Release|Any CPU
		{562CDD73-5BF2-4FCC-B7A5-CF0C5DB4689B}.Release|Any CPU.Build.0 = Release|Any CPU
		{562CDD73-5BF2-4FCC-B7A5-CF0C5DB4689B}.Release|x64.ActiveCfg = Release|Any CPU
		{562CDD73-5BF2-4FCC-B7A5-CF0C5DB4689B}.Release|x64.Build.0 = Release|Any CPU
		{562CDD73-5BF2-4FCC-B7A5-CF0C5DB4689B}.Release|x86.ActiveCfg = Release|Any CPU
		{562CDD73-5BF2-4FCC-B7A5-CF0C5DB4689B}.Release|x86.Build.0 = Release|Any CPU
		{19EE6C78-A363-4E5A-8FDC-429802739608}.Debug|Any CPU.ActiveCfg = Debug|Any CPU
		{19EE6C78-A363-4E5A-8FDC-429802739608}.Debug|Any CPU.Build.0 = Debug|Any CPU
		{19EE6C78-A363-4E5A-8FDC-429802739608}.Debug|x64.ActiveCfg = Debug|Any CPU
		{19EE6C78-A363-4E5A-8FDC-429802739608}.Debug|x64.Build.0 = Debug|Any CPU
		{19EE6C78-A363-4E5A-8FDC-429802739608}.Debug|x86.ActiveCfg = Debug|Any CPU
		{19EE6C78-A363-4E5A-8FDC-429802739608}.Debug|x86.Build.0 = Debug|Any CPU
		{19EE6C78-A363-4E5A-8FDC-429802739608}.Release|Any CPU.ActiveCfg = Release|Any CPU
		{19EE6C78-A363-4E5A-8FDC-429802739608}.Release|Any CPU.Build.0 = Release|Any CPU
		{19EE6C78-A363-4E5A-8FDC-429802739608}.Release|x64.ActiveCfg = Release|Any CPU
		{19EE6C78-A363-4E5A-8FDC-429802739608}.Release|x64.Build.0 = Release|Any CPU
		{19EE6C78-A363-4E5A-8FDC-429802739608}.Release|x86.ActiveCfg = Release|Any CPU
		{19EE6C78-A363-4E5A-8FDC-429802739608}.Release|x86.Build.0 = Release|Any CPU
		{74655BA1-DF54-42E8-8EFF-99A3971D995D}.Debug|Any CPU.ActiveCfg = Debug|Any CPU
		{74655BA1-DF54-42E8-8EFF-99A3971D995D}.Debug|Any CPU.Build.0 = Debug|Any CPU
		{74655BA1-DF54-42E8-8EFF-99A3971D995D}.Debug|x64.ActiveCfg = Debug|Any CPU
		{74655BA1-DF54-42E8-8EFF-99A3971D995D}.Debug|x64.Build.0 = Debug|Any CPU
		{74655BA1-DF54-42E8-8EFF-99A3971D995D}.Debug|x86.ActiveCfg = Debug|Any CPU
		{74655BA1-DF54-42E8-8EFF-99A3971D995D}.Debug|x86.Build.0 = Debug|Any CPU
		{74655BA1-DF54-42E8-8EFF-99A3971D995D}.Release|Any CPU.ActiveCfg = Release|Any CPU
		{74655BA1-DF54-42E8-8EFF-99A3971D995D}.Release|Any CPU.Build.0 = Release|Any CPU
		{74655BA1-DF54-42E8-8EFF-99A3971D995D}.Release|x64.ActiveCfg = Release|Any CPU
		{74655BA1-DF54-42E8-8EFF-99A3971D995D}.Release|x64.Build.0 = Release|Any CPU
		{74655BA1-DF54-42E8-8EFF-99A3971D995D}.Release|x86.ActiveCfg = Release|Any CPU
		{74655BA1-DF54-42E8-8EFF-99A3971D995D}.Release|x86.Build.0 = Release|Any CPU
		{042CF4D0-1CF9-45F1-BE0B-4942C5917E6F}.Debug|Any CPU.ActiveCfg = Debug|Any CPU
		{042CF4D0-1CF9-45F1-BE0B-4942C5917E6F}.Debug|Any CPU.Build.0 = Debug|Any CPU
		{042CF4D0-1CF9-45F1-BE0B-4942C5917E6F}.Debug|x64.ActiveCfg = Debug|Any CPU
		{042CF4D0-1CF9-45F1-BE0B-4942C5917E6F}.Debug|x64.Build.0 = Debug|Any CPU
		{042CF4D0-1CF9-45F1-BE0B-4942C5917E6F}.Debug|x86.ActiveCfg = Debug|Any CPU
		{042CF4D0-1CF9-45F1-BE0B-4942C5917E6F}.Debug|x86.Build.0 = Debug|Any CPU
		{042CF4D0-1CF9-45F1-BE0B-4942C5917E6F}.Release|Any CPU.ActiveCfg = Release|Any CPU
		{042CF4D0-1CF9-45F1-BE0B-4942C5917E6F}.Release|Any CPU.Build.0 = Release|Any CPU
		{042CF4D0-1CF9-45F1-BE0B-4942C5917E6F}.Release|x64.ActiveCfg = Release|Any CPU
		{042CF4D0-1CF9-45F1-BE0B-4942C5917E6F}.Release|x64.Build.0 = Release|Any CPU
		{042CF4D0-1CF9-45F1-BE0B-4942C5917E6F}.Release|x86.ActiveCfg = Release|Any CPU
		{042CF4D0-1CF9-45F1-BE0B-4942C5917E6F}.Release|x86.Build.0 = Release|Any CPU
		{6E250434-C1AE-4215-B3B9-39C5DA4065F1}.Debug|Any CPU.ActiveCfg = Debug|Any CPU
		{6E250434-C1AE-4215-B3B9-39C5DA4065F1}.Debug|Any CPU.Build.0 = Debug|Any CPU
		{6E250434-C1AE-4215-B3B9-39C5DA4065F1}.Debug|x64.ActiveCfg = Debug|Any CPU
		{6E250434-C1AE-4215-B3B9-39C5DA4065F1}.Debug|x64.Build.0 = Debug|Any CPU
		{6E250434-C1AE-4215-B3B9-39C5DA4065F1}.Debug|x86.ActiveCfg = Debug|Any CPU
		{6E250434-C1AE-4215-B3B9-39C5DA4065F1}.Debug|x86.Build.0 = Debug|Any CPU
		{6E250434-C1AE-4215-B3B9-39C5DA4065F1}.Release|Any CPU.ActiveCfg = Release|Any CPU
		{6E250434-C1AE-4215-B3B9-39C5DA4065F1}.Release|Any CPU.Build.0 = Release|Any CPU
		{6E250434-C1AE-4215-B3B9-39C5DA4065F1}.Release|x64.ActiveCfg = Release|Any CPU
		{6E250434-C1AE-4215-B3B9-39C5DA4065F1}.Release|x64.Build.0 = Release|Any CPU
		{6E250434-C1AE-4215-B3B9-39C5DA4065F1}.Release|x86.ActiveCfg = Release|Any CPU
		{6E250434-C1AE-4215-B3B9-39C5DA4065F1}.Release|x86.Build.0 = Release|Any CPU
		{83AFA14F-3D34-4013-9FEF-FDDD9B363667}.Debug|Any CPU.ActiveCfg = Debug|Any CPU
		{83AFA14F-3D34-4013-9FEF-FDDD9B363667}.Debug|Any CPU.Build.0 = Debug|Any CPU
		{83AFA14F-3D34-4013-9FEF-FDDD9B363667}.Debug|x64.ActiveCfg = Debug|Any CPU
		{83AFA14F-3D34-4013-9FEF-FDDD9B363667}.Debug|x64.Build.0 = Debug|Any CPU
		{83AFA14F-3D34-4013-9FEF-FDDD9B363667}.Debug|x86.ActiveCfg = Debug|Any CPU
		{83AFA14F-3D34-4013-9FEF-FDDD9B363667}.Debug|x86.Build.0 = Debug|Any CPU
		{83AFA14F-3D34-4013-9FEF-FDDD9B363667}.Release|Any CPU.ActiveCfg = Release|Any CPU
		{83AFA14F-3D34-4013-9FEF-FDDD9B363667}.Release|Any CPU.Build.0 = Release|Any CPU
		{83AFA14F-3D34-4013-9FEF-FDDD9B363667}.Release|x64.ActiveCfg = Release|Any CPU
		{83AFA14F-3D34-4013-9FEF-FDDD9B363667}.Release|x64.Build.0 = Release|Any CPU
		{83AFA14F-3D34-4013-9FEF-FDDD9B363667}.Release|x86.ActiveCfg = Release|Any CPU
		{83AFA14F-3D34-4013-9FEF-FDDD9B363667}.Release|x86.Build.0 = Release|Any CPU
		{EB86576C-D566-497E-9EC5-C4287E24A051}.Debug|Any CPU.ActiveCfg = Debug|Any CPU
		{EB86576C-D566-497E-9EC5-C4287E24A051}.Debug|Any CPU.Build.0 = Debug|Any CPU
		{EB86576C-D566-497E-9EC5-C4287E24A051}.Debug|x64.ActiveCfg = Debug|Any CPU
		{EB86576C-D566-497E-9EC5-C4287E24A051}.Debug|x64.Build.0 = Debug|Any CPU
		{EB86576C-D566-497E-9EC5-C4287E24A051}.Debug|x86.ActiveCfg = Debug|Any CPU
		{EB86576C-D566-497E-9EC5-C4287E24A051}.Debug|x86.Build.0 = Debug|Any CPU
		{EB86576C-D566-497E-9EC5-C4287E24A051}.Release|Any CPU.ActiveCfg = Release|Any CPU
		{EB86576C-D566-497E-9EC5-C4287E24A051}.Release|Any CPU.Build.0 = Release|Any CPU
		{EB86576C-D566-497E-9EC5-C4287E24A051}.Release|x64.ActiveCfg = Release|Any CPU
		{EB86576C-D566-497E-9EC5-C4287E24A051}.Release|x64.Build.0 = Release|Any CPU
		{EB86576C-D566-497E-9EC5-C4287E24A051}.Release|x86.ActiveCfg = Release|Any CPU
		{EB86576C-D566-497E-9EC5-C4287E24A051}.Release|x86.Build.0 = Release|Any CPU
		{FD0DE717-A470-43BF-BAC4-D4ADFDE6D574}.Debug|Any CPU.ActiveCfg = Debug|Any CPU
		{FD0DE717-A470-43BF-BAC4-D4ADFDE6D574}.Debug|Any CPU.Build.0 = Debug|Any CPU
		{FD0DE717-A470-43BF-BAC4-D4ADFDE6D574}.Debug|x64.ActiveCfg = Debug|Any CPU
		{FD0DE717-A470-43BF-BAC4-D4ADFDE6D574}.Debug|x64.Build.0 = Debug|Any CPU
		{FD0DE717-A470-43BF-BAC4-D4ADFDE6D574}.Debug|x86.ActiveCfg = Debug|Any CPU
		{FD0DE717-A470-43BF-BAC4-D4ADFDE6D574}.Debug|x86.Build.0 = Debug|Any CPU
		{FD0DE717-A470-43BF-BAC4-D4ADFDE6D574}.Release|Any CPU.ActiveCfg = Release|Any CPU
		{FD0DE717-A470-43BF-BAC4-D4ADFDE6D574}.Release|Any CPU.Build.0 = Release|Any CPU
		{FD0DE717-A470-43BF-BAC4-D4ADFDE6D574}.Release|x64.ActiveCfg = Release|Any CPU
		{FD0DE717-A470-43BF-BAC4-D4ADFDE6D574}.Release|x64.Build.0 = Release|Any CPU
		{FD0DE717-A470-43BF-BAC4-D4ADFDE6D574}.Release|x86.ActiveCfg = Release|Any CPU
		{FD0DE717-A470-43BF-BAC4-D4ADFDE6D574}.Release|x86.Build.0 = Release|Any CPU
		{E46FE0AF-8468-4018-98B5-B9C74A1B1FBD}.Debug|Any CPU.ActiveCfg = Debug|Any CPU
		{E46FE0AF-8468-4018-98B5-B9C74A1B1FBD}.Debug|Any CPU.Build.0 = Debug|Any CPU
		{E46FE0AF-8468-4018-98B5-B9C74A1B1FBD}.Debug|x64.ActiveCfg = Debug|Any CPU
		{E46FE0AF-8468-4018-98B5-B9C74A1B1FBD}.Debug|x64.Build.0 = Debug|Any CPU
		{E46FE0AF-8468-4018-98B5-B9C74A1B1FBD}.Debug|x86.ActiveCfg = Debug|Any CPU
		{E46FE0AF-8468-4018-98B5-B9C74A1B1FBD}.Debug|x86.Build.0 = Debug|Any CPU
		{E46FE0AF-8468-4018-98B5-B9C74A1B1FBD}.Release|Any CPU.ActiveCfg = Release|Any CPU
		{E46FE0AF-8468-4018-98B5-B9C74A1B1FBD}.Release|Any CPU.Build.0 = Release|Any CPU
		{E46FE0AF-8468-4018-98B5-B9C74A1B1FBD}.Release|x64.ActiveCfg = Release|Any CPU
		{E46FE0AF-8468-4018-98B5-B9C74A1B1FBD}.Release|x64.Build.0 = Release|Any CPU
		{E46FE0AF-8468-4018-98B5-B9C74A1B1FBD}.Release|x86.ActiveCfg = Release|Any CPU
		{E46FE0AF-8468-4018-98B5-B9C74A1B1FBD}.Release|x86.Build.0 = Release|Any CPU
		{2C249DF7-788C-4FA6-8851-D1D71889E2D2}.Debug|Any CPU.ActiveCfg = Debug|Any CPU
		{2C249DF7-788C-4FA6-8851-D1D71889E2D2}.Debug|Any CPU.Build.0 = Debug|Any CPU
		{2C249DF7-788C-4FA6-8851-D1D71889E2D2}.Debug|x64.ActiveCfg = Debug|Any CPU
		{2C249DF7-788C-4FA6-8851-D1D71889E2D2}.Debug|x64.Build.0 = Debug|Any CPU
		{2C249DF7-788C-4FA6-8851-D1D71889E2D2}.Debug|x86.ActiveCfg = Debug|Any CPU
		{2C249DF7-788C-4FA6-8851-D1D71889E2D2}.Debug|x86.Build.0 = Debug|Any CPU
		{2C249DF7-788C-4FA6-8851-D1D71889E2D2}.Release|Any CPU.ActiveCfg = Release|Any CPU
		{2C249DF7-788C-4FA6-8851-D1D71889E2D2}.Release|Any CPU.Build.0 = Release|Any CPU
		{2C249DF7-788C-4FA6-8851-D1D71889E2D2}.Release|x64.ActiveCfg = Release|Any CPU
		{2C249DF7-788C-4FA6-8851-D1D71889E2D2}.Release|x64.Build.0 = Release|Any CPU
		{2C249DF7-788C-4FA6-8851-D1D71889E2D2}.Release|x86.ActiveCfg = Release|Any CPU
		{2C249DF7-788C-4FA6-8851-D1D71889E2D2}.Release|x86.Build.0 = Release|Any CPU
		{372D5A45-2618-4FE1-AAEA-B5662617D8D6}.Debug|Any CPU.ActiveCfg = Debug|Any CPU
		{372D5A45-2618-4FE1-AAEA-B5662617D8D6}.Debug|Any CPU.Build.0 = Debug|Any CPU
		{372D5A45-2618-4FE1-AAEA-B5662617D8D6}.Debug|x64.ActiveCfg = Debug|Any CPU
		{372D5A45-2618-4FE1-AAEA-B5662617D8D6}.Debug|x64.Build.0 = Debug|Any CPU
		{372D5A45-2618-4FE1-AAEA-B5662617D8D6}.Debug|x86.ActiveCfg = Debug|Any CPU
		{372D5A45-2618-4FE1-AAEA-B5662617D8D6}.Debug|x86.Build.0 = Debug|Any CPU
		{372D5A45-2618-4FE1-AAEA-B5662617D8D6}.Release|Any CPU.ActiveCfg = Release|Any CPU
		{372D5A45-2618-4FE1-AAEA-B5662617D8D6}.Release|Any CPU.Build.0 = Release|Any CPU
		{372D5A45-2618-4FE1-AAEA-B5662617D8D6}.Release|x64.ActiveCfg = Release|Any CPU
		{372D5A45-2618-4FE1-AAEA-B5662617D8D6}.Release|x64.Build.0 = Release|Any CPU
		{372D5A45-2618-4FE1-AAEA-B5662617D8D6}.Release|x86.ActiveCfg = Release|Any CPU
		{372D5A45-2618-4FE1-AAEA-B5662617D8D6}.Release|x86.Build.0 = Release|Any CPU
		{83E4962F-39C7-4007-A40D-BAB6D74D6240}.Debug|Any CPU.ActiveCfg = Debug|Any CPU
		{83E4962F-39C7-4007-A40D-BAB6D74D6240}.Debug|Any CPU.Build.0 = Debug|Any CPU
		{83E4962F-39C7-4007-A40D-BAB6D74D6240}.Debug|x64.ActiveCfg = Debug|Any CPU
		{83E4962F-39C7-4007-A40D-BAB6D74D6240}.Debug|x64.Build.0 = Debug|Any CPU
		{83E4962F-39C7-4007-A40D-BAB6D74D6240}.Debug|x86.ActiveCfg = Debug|Any CPU
		{83E4962F-39C7-4007-A40D-BAB6D74D6240}.Debug|x86.Build.0 = Debug|Any CPU
		{83E4962F-39C7-4007-A40D-BAB6D74D6240}.Release|Any CPU.ActiveCfg = Release|Any CPU
		{83E4962F-39C7-4007-A40D-BAB6D74D6240}.Release|Any CPU.Build.0 = Release|Any CPU
		{83E4962F-39C7-4007-A40D-BAB6D74D6240}.Release|x64.ActiveCfg = Release|Any CPU
		{83E4962F-39C7-4007-A40D-BAB6D74D6240}.Release|x64.Build.0 = Release|Any CPU
		{83E4962F-39C7-4007-A40D-BAB6D74D6240}.Release|x86.ActiveCfg = Release|Any CPU
		{83E4962F-39C7-4007-A40D-BAB6D74D6240}.Release|x86.Build.0 = Release|Any CPU
		{95779735-C6A9-4CA5-9602-E78DFE9BAA94}.Debug|Any CPU.ActiveCfg = Debug|Any CPU
		{95779735-C6A9-4CA5-9602-E78DFE9BAA94}.Debug|Any CPU.Build.0 = Debug|Any CPU
		{95779735-C6A9-4CA5-9602-E78DFE9BAA94}.Debug|x64.ActiveCfg = Debug|Any CPU
		{95779735-C6A9-4CA5-9602-E78DFE9BAA94}.Debug|x64.Build.0 = Debug|Any CPU
		{95779735-C6A9-4CA5-9602-E78DFE9BAA94}.Debug|x86.ActiveCfg = Debug|Any CPU
		{95779735-C6A9-4CA5-9602-E78DFE9BAA94}.Debug|x86.Build.0 = Debug|Any CPU
		{95779735-C6A9-4CA5-9602-E78DFE9BAA94}.Release|Any CPU.ActiveCfg = Release|Any CPU
		{95779735-C6A9-4CA5-9602-E78DFE9BAA94}.Release|Any CPU.Build.0 = Release|Any CPU
		{95779735-C6A9-4CA5-9602-E78DFE9BAA94}.Release|x64.ActiveCfg = Release|Any CPU
		{95779735-C6A9-4CA5-9602-E78DFE9BAA94}.Release|x64.Build.0 = Release|Any CPU
		{95779735-C6A9-4CA5-9602-E78DFE9BAA94}.Release|x86.ActiveCfg = Release|Any CPU
		{95779735-C6A9-4CA5-9602-E78DFE9BAA94}.Release|x86.Build.0 = Release|Any CPU
		{560E4456-B40F-4859-924B-26369F060464}.Debug|Any CPU.ActiveCfg = Debug|Any CPU
		{560E4456-B40F-4859-924B-26369F060464}.Debug|Any CPU.Build.0 = Debug|Any CPU
		{560E4456-B40F-4859-924B-26369F060464}.Debug|x64.ActiveCfg = Debug|Any CPU
		{560E4456-B40F-4859-924B-26369F060464}.Debug|x64.Build.0 = Debug|Any CPU
		{560E4456-B40F-4859-924B-26369F060464}.Debug|x86.ActiveCfg = Debug|Any CPU
		{560E4456-B40F-4859-924B-26369F060464}.Debug|x86.Build.0 = Debug|Any CPU
		{560E4456-B40F-4859-924B-26369F060464}.Release|Any CPU.ActiveCfg = Release|Any CPU
		{560E4456-B40F-4859-924B-26369F060464}.Release|Any CPU.Build.0 = Release|Any CPU
		{560E4456-B40F-4859-924B-26369F060464}.Release|x64.ActiveCfg = Release|Any CPU
		{560E4456-B40F-4859-924B-26369F060464}.Release|x64.Build.0 = Release|Any CPU
		{560E4456-B40F-4859-924B-26369F060464}.Release|x86.ActiveCfg = Release|Any CPU
		{560E4456-B40F-4859-924B-26369F060464}.Release|x86.Build.0 = Release|Any CPU
		{161E3238-CAAD-4445-8274-A02D900DF402}.Debug|Any CPU.ActiveCfg = Debug|Any CPU
		{161E3238-CAAD-4445-8274-A02D900DF402}.Debug|Any CPU.Build.0 = Debug|Any CPU
		{161E3238-CAAD-4445-8274-A02D900DF402}.Debug|x64.ActiveCfg = Debug|Any CPU
		{161E3238-CAAD-4445-8274-A02D900DF402}.Debug|x64.Build.0 = Debug|Any CPU
		{161E3238-CAAD-4445-8274-A02D900DF402}.Debug|x86.ActiveCfg = Debug|Any CPU
		{161E3238-CAAD-4445-8274-A02D900DF402}.Debug|x86.Build.0 = Debug|Any CPU
		{161E3238-CAAD-4445-8274-A02D900DF402}.Release|Any CPU.ActiveCfg = Release|Any CPU
		{161E3238-CAAD-4445-8274-A02D900DF402}.Release|Any CPU.Build.0 = Release|Any CPU
		{161E3238-CAAD-4445-8274-A02D900DF402}.Release|x64.ActiveCfg = Release|Any CPU
		{161E3238-CAAD-4445-8274-A02D900DF402}.Release|x64.Build.0 = Release|Any CPU
		{161E3238-CAAD-4445-8274-A02D900DF402}.Release|x86.ActiveCfg = Release|Any CPU
		{161E3238-CAAD-4445-8274-A02D900DF402}.Release|x86.Build.0 = Release|Any CPU
		{919CEDF6-1B26-4980-9265-3DC904D26656}.Debug|Any CPU.ActiveCfg = Debug|Any CPU
		{919CEDF6-1B26-4980-9265-3DC904D26656}.Debug|Any CPU.Build.0 = Debug|Any CPU
		{919CEDF6-1B26-4980-9265-3DC904D26656}.Debug|x64.ActiveCfg = Debug|Any CPU
		{919CEDF6-1B26-4980-9265-3DC904D26656}.Debug|x64.Build.0 = Debug|Any CPU
		{919CEDF6-1B26-4980-9265-3DC904D26656}.Debug|x86.ActiveCfg = Debug|Any CPU
		{919CEDF6-1B26-4980-9265-3DC904D26656}.Debug|x86.Build.0 = Debug|Any CPU
		{919CEDF6-1B26-4980-9265-3DC904D26656}.Release|Any CPU.ActiveCfg = Release|Any CPU
		{919CEDF6-1B26-4980-9265-3DC904D26656}.Release|Any CPU.Build.0 = Release|Any CPU
		{919CEDF6-1B26-4980-9265-3DC904D26656}.Release|x64.ActiveCfg = Release|Any CPU
		{919CEDF6-1B26-4980-9265-3DC904D26656}.Release|x64.Build.0 = Release|Any CPU
		{919CEDF6-1B26-4980-9265-3DC904D26656}.Release|x86.ActiveCfg = Release|Any CPU
		{919CEDF6-1B26-4980-9265-3DC904D26656}.Release|x86.Build.0 = Release|Any CPU
		{0F9D4D5C-FF5C-4005-B6BC-46D930CBEB4B}.Debug|Any CPU.ActiveCfg = Debug|Any CPU
		{0F9D4D5C-FF5C-4005-B6BC-46D930CBEB4B}.Debug|Any CPU.Build.0 = Debug|Any CPU
		{0F9D4D5C-FF5C-4005-B6BC-46D930CBEB4B}.Debug|x64.ActiveCfg = Debug|Any CPU
		{0F9D4D5C-FF5C-4005-B6BC-46D930CBEB4B}.Debug|x64.Build.0 = Debug|Any CPU
		{0F9D4D5C-FF5C-4005-B6BC-46D930CBEB4B}.Debug|x86.ActiveCfg = Debug|Any CPU
		{0F9D4D5C-FF5C-4005-B6BC-46D930CBEB4B}.Debug|x86.Build.0 = Debug|Any CPU
		{0F9D4D5C-FF5C-4005-B6BC-46D930CBEB4B}.Release|Any CPU.ActiveCfg = Release|Any CPU
		{0F9D4D5C-FF5C-4005-B6BC-46D930CBEB4B}.Release|Any CPU.Build.0 = Release|Any CPU
		{0F9D4D5C-FF5C-4005-B6BC-46D930CBEB4B}.Release|x64.ActiveCfg = Release|Any CPU
		{0F9D4D5C-FF5C-4005-B6BC-46D930CBEB4B}.Release|x64.Build.0 = Release|Any CPU
		{0F9D4D5C-FF5C-4005-B6BC-46D930CBEB4B}.Release|x86.ActiveCfg = Release|Any CPU
		{0F9D4D5C-FF5C-4005-B6BC-46D930CBEB4B}.Release|x86.Build.0 = Release|Any CPU
		{7F63F0AA-5146-4A61-BB22-AAB76FAB1D4B}.Debug|Any CPU.ActiveCfg = Debug|Any CPU
		{7F63F0AA-5146-4A61-BB22-AAB76FAB1D4B}.Debug|Any CPU.Build.0 = Debug|Any CPU
		{7F63F0AA-5146-4A61-BB22-AAB76FAB1D4B}.Debug|x64.ActiveCfg = Debug|Any CPU
		{7F63F0AA-5146-4A61-BB22-AAB76FAB1D4B}.Debug|x64.Build.0 = Debug|Any CPU
		{7F63F0AA-5146-4A61-BB22-AAB76FAB1D4B}.Debug|x86.ActiveCfg = Debug|Any CPU
		{7F63F0AA-5146-4A61-BB22-AAB76FAB1D4B}.Debug|x86.Build.0 = Debug|Any CPU
		{7F63F0AA-5146-4A61-BB22-AAB76FAB1D4B}.Release|Any CPU.ActiveCfg = Release|Any CPU
		{7F63F0AA-5146-4A61-BB22-AAB76FAB1D4B}.Release|Any CPU.Build.0 = Release|Any CPU
		{7F63F0AA-5146-4A61-BB22-AAB76FAB1D4B}.Release|x64.ActiveCfg = Release|Any CPU
		{7F63F0AA-5146-4A61-BB22-AAB76FAB1D4B}.Release|x64.Build.0 = Release|Any CPU
		{7F63F0AA-5146-4A61-BB22-AAB76FAB1D4B}.Release|x86.ActiveCfg = Release|Any CPU
		{7F63F0AA-5146-4A61-BB22-AAB76FAB1D4B}.Release|x86.Build.0 = Release|Any CPU
		{1042FC81-FE35-402F-98A5-944032B9134E}.Debug|Any CPU.ActiveCfg = Debug|Any CPU
		{1042FC81-FE35-402F-98A5-944032B9134E}.Debug|Any CPU.Build.0 = Debug|Any CPU
		{1042FC81-FE35-402F-98A5-944032B9134E}.Debug|x64.ActiveCfg = Debug|Any CPU
		{1042FC81-FE35-402F-98A5-944032B9134E}.Debug|x64.Build.0 = Debug|Any CPU
		{1042FC81-FE35-402F-98A5-944032B9134E}.Debug|x86.ActiveCfg = Debug|Any CPU
		{1042FC81-FE35-402F-98A5-944032B9134E}.Debug|x86.Build.0 = Debug|Any CPU
		{1042FC81-FE35-402F-98A5-944032B9134E}.Release|Any CPU.ActiveCfg = Release|Any CPU
		{1042FC81-FE35-402F-98A5-944032B9134E}.Release|Any CPU.Build.0 = Release|Any CPU
		{1042FC81-FE35-402F-98A5-944032B9134E}.Release|x64.ActiveCfg = Release|Any CPU
		{1042FC81-FE35-402F-98A5-944032B9134E}.Release|x64.Build.0 = Release|Any CPU
		{1042FC81-FE35-402F-98A5-944032B9134E}.Release|x86.ActiveCfg = Release|Any CPU
		{1042FC81-FE35-402F-98A5-944032B9134E}.Release|x86.Build.0 = Release|Any CPU
		{5A71402E-1517-498D-82C0-755B5BAB70C0}.Debug|Any CPU.ActiveCfg = Debug|Any CPU
		{5A71402E-1517-498D-82C0-755B5BAB70C0}.Debug|Any CPU.Build.0 = Debug|Any CPU
		{5A71402E-1517-498D-82C0-755B5BAB70C0}.Debug|x64.ActiveCfg = Debug|Any CPU
		{5A71402E-1517-498D-82C0-755B5BAB70C0}.Debug|x64.Build.0 = Debug|Any CPU
		{5A71402E-1517-498D-82C0-755B5BAB70C0}.Debug|x86.ActiveCfg = Debug|Any CPU
		{5A71402E-1517-498D-82C0-755B5BAB70C0}.Debug|x86.Build.0 = Debug|Any CPU
		{5A71402E-1517-498D-82C0-755B5BAB70C0}.Release|Any CPU.ActiveCfg = Release|Any CPU
		{5A71402E-1517-498D-82C0-755B5BAB70C0}.Release|Any CPU.Build.0 = Release|Any CPU
		{5A71402E-1517-498D-82C0-755B5BAB70C0}.Release|x64.ActiveCfg = Release|Any CPU
		{5A71402E-1517-498D-82C0-755B5BAB70C0}.Release|x64.Build.0 = Release|Any CPU
		{5A71402E-1517-498D-82C0-755B5BAB70C0}.Release|x86.ActiveCfg = Release|Any CPU
		{5A71402E-1517-498D-82C0-755B5BAB70C0}.Release|x86.Build.0 = Release|Any CPU
	EndGlobalSection
	GlobalSection(SolutionProperties) = preSolution
		HideSolutionNode = FALSE
	EndGlobalSection
	GlobalSection(NestedProjects) = preSolution
		{542D946C-E4D9-4A6A-99FD-6C1B940A81F1} = {D4BFDD2B-4F50-4AF3-8906-6C003E70BA56}
		{28552ECD-9437-4D06-9B4C-96A7FDB069E3} = {D4BFDD2B-4F50-4AF3-8906-6C003E70BA56}
		{A30FFE93-A205-48E6-880B-B8DC17E12AF8} = {BA787241-6B04-4D3C-A792-7D1DA9682385}
		{59BA0806-A634-48F4-9514-3B557B15072F} = {6767CF64-F8E3-450B-AE8E-0255642FD753}
		{4FE5CC6A-4BFC-4D4B-8D9A-1F1F55357852} = {6767CF64-F8E3-450B-AE8E-0255642FD753}
		{6F96C4C6-F442-4240-9D83-BAFE70D63ED3} = {BA787241-6B04-4D3C-A792-7D1DA9682385}
		{BA787241-6B04-4D3C-A792-7D1DA9682385} = {D4BFDD2B-4F50-4AF3-8906-6C003E70BA56}
		{988F7FCD-11C0-4338-B64F-0F4452406333} = {6767CF64-F8E3-450B-AE8E-0255642FD753}
		{562CDD73-5BF2-4FCC-B7A5-CF0C5DB4689B} = {6767CF64-F8E3-450B-AE8E-0255642FD753}
		{19EE6C78-A363-4E5A-8FDC-429802739608} = {542D946C-E4D9-4A6A-99FD-6C1B940A81F1}
		{74655BA1-DF54-42E8-8EFF-99A3971D995D} = {542D946C-E4D9-4A6A-99FD-6C1B940A81F1}
		{042CF4D0-1CF9-45F1-BE0B-4942C5917E6F} = {28552ECD-9437-4D06-9B4C-96A7FDB069E3}
		{6E250434-C1AE-4215-B3B9-39C5DA4065F1} = {28552ECD-9437-4D06-9B4C-96A7FDB069E3}
		{83AFA14F-3D34-4013-9FEF-FDDD9B363667} = {3DBD52E4-26F8-413F-A954-2BE86E572F3E}
		{EB86576C-D566-497E-9EC5-C4287E24A051} = {542D946C-E4D9-4A6A-99FD-6C1B940A81F1}
		{BD1A5739-27BA-4E2A-AA9A-95C577703EEE} = {6AC5F24C-EF86-424F-AC3E-79FF0E343684}
		{FD0DE717-A470-43BF-BAC4-D4ADFDE6D574} = {41AE8F8D-B51B-494B-8573-E7E9EF642BB0}
		{E46FE0AF-8468-4018-98B5-B9C74A1B1FBD} = {41AE8F8D-B51B-494B-8573-E7E9EF642BB0}
		{2C249DF7-788C-4FA6-8851-D1D71889E2D2} = {41AE8F8D-B51B-494B-8573-E7E9EF642BB0}
		{372D5A45-2618-4FE1-AAEA-B5662617D8D6} = {41AE8F8D-B51B-494B-8573-E7E9EF642BB0}
		{83E4962F-39C7-4007-A40D-BAB6D74D6240} = {41AE8F8D-B51B-494B-8573-E7E9EF642BB0}
		{95779735-C6A9-4CA5-9602-E78DFE9BAA94} = {41AE8F8D-B51B-494B-8573-E7E9EF642BB0}
		{560E4456-B40F-4859-924B-26369F060464} = {41AE8F8D-B51B-494B-8573-E7E9EF642BB0}
		{161E3238-CAAD-4445-8274-A02D900DF402} = {41AE8F8D-B51B-494B-8573-E7E9EF642BB0}
		{919CEDF6-1B26-4980-9265-3DC904D26656} = {41AE8F8D-B51B-494B-8573-E7E9EF642BB0}
		{0F9D4D5C-FF5C-4005-B6BC-46D930CBEB4B} = {41AE8F8D-B51B-494B-8573-E7E9EF642BB0}
		{7F63F0AA-5146-4A61-BB22-AAB76FAB1D4B} = {542D946C-E4D9-4A6A-99FD-6C1B940A81F1}
		{1042FC81-FE35-402F-98A5-944032B9134E} = {28552ECD-9437-4D06-9B4C-96A7FDB069E3}
		{5A71402E-1517-498D-82C0-755B5BAB70C0} = {3DBD52E4-26F8-413F-A954-2BE86E572F3E}
	EndGlobalSection
	GlobalSection(ExtensibilityGlobals) = postSolution
		SolutionGuid = {F998BD6D-3E2B-4AA0-A7A4-FD84100C45A4}
	EndGlobalSection
EndGlobal
